PODS:
  - 1PasswordExtension (1.8.5)
  - Alamofire (4.6.0)
  - SwiftyJSON (4.0.0)

DEPENDENCIES:
  - 1PasswordExtension (~> 1.8.5)
  - Alamofire (~> 4.5)
  - SwiftyJSON (~> 4.0)

SPEC CHECKSUMS:
  1PasswordExtension: 0e95bdea64ec8ff2f4f693be5467a09fac42a83d
  Alamofire: f41a599bd63041760b26d393ec1069d9d7b917f4
  SwiftyJSON: 070dabdcb1beb81b247c65ffa3a79dbbfb3b48aa

PODFILE CHECKSUM: 33dad974daeb15e9a042ef1feff9951ee2015562

COCOAPODS: 1.4.0
