// !$*UTF8*$!
{
	archiveVersion = 1;
	classes = {
	};
	objectVersion = 48;
	objects = {

/* Begin PBXBuildFile section */
		66B767C71991D25578D78A68 /* Pods_Studs.framework in Frameworks */ = {isa = PBXBuildFile; fileRef = 42D30DB152248835B06BB7B8 /* Pods_Studs.framework */; };
		AB02D4AD204057B4007D7808 /* NotificationsManager.swift in Sources */ = {isa = PBXBuildFile; fileRef = AB02D4AC204057B4007D7808 /* NotificationsManager.swift */; };
		AB12A21A2031DF280049DF6F /* UserManager.swift in Sources */ = {isa = PBXBuildFile; fileRef = AB12A2192031DF280049DF6F /* UserManager.swift */; };
		AB13C27F203B314C00DC6812 /* CheckinButtonViewController.swift in Sources */ = {isa = PBXBuildFile; fileRef = AB13C27E203B314C00DC6812 /* CheckinButtonViewController.swift */; };
		AB235B7820C64D9D00D8C6C0 /* TripActivityDetailViewController.swift in Sources */ = {isa = PBXBuildFile; fileRef = AB235B7720C64D9D00D8C6C0 /* TripActivityDetailViewController.swift */; };
		AB2577F82088C918004E6C80 /* CustomNavigationBar.swift in Sources */ = {isa = PBXBuildFile; fileRef = AB2577F72088C918004E6C80 /* CustomNavigationBar.swift */; };
		AB265669202C8FA200131CE6 /* 1Password.xcassets in Resources */ = {isa = PBXBuildFile; fileRef = AB265668202C8FA200131CE6 /* 1Password.xcassets */; };
		AB2AEE6420A05A18002A5A01 /* MapViewController.swift in Sources */ = {isa = PBXBuildFile; fileRef = AB2AEE6320A05A18002A5A01 /* MapViewController.swift */; };
		AB319E9120A444CC00741B3C /* Store.swift in Sources */ = {isa = PBXBuildFile; fileRef = AB319E9020A444CC00741B3C /* Store.swift */; };
		AB319E9320A4901300741B3C /* TripStore.swift in Sources */ = {isa = PBXBuildFile; fileRef = AB319E9220A4901300741B3C /* TripStore.swift */; };
		AB358194201105CA00673D3F /* LoginViewController.swift in Sources */ = {isa = PBXBuildFile; fileRef = AB358193201105CA00673D3F /* LoginViewController.swift */; };
		AB35819620110AC900673D3F /* API.swift in Sources */ = {isa = PBXBuildFile; fileRef = AB35819520110AC900673D3F /* API.swift */; };
		AB35819D2011307200673D3F /* User.swift in Sources */ = {isa = PBXBuildFile; fileRef = AB35819C2011307200673D3F /* User.swift */; };
		AB36D842208DFBB1002494E3 /* FadedMapView.swift in Sources */ = {isa = PBXBuildFile; fileRef = AB36D841208DFBB1002494E3 /* FadedMapView.swift */; };
		AB38FD0F20C40879004567FB /* TripActivityTableViewCell.swift in Sources */ = {isa = PBXBuildFile; fileRef = AB38FD0E20C40879004567FB /* TripActivityTableViewCell.swift */; };
		AB4B329D207A2DC200887A51 /* EventTableViewSectionHeader.swift in Sources */ = {isa = PBXBuildFile; fileRef = AB4B329C207A2DC200887A51 /* EventTableViewSectionHeader.swift */; };
		AB5B06B52022062000752C68 /* CheckInTableViewController.swift in Sources */ = {isa = PBXBuildFile; fileRef = AB5B06B42022062000752C68 /* CheckInTableViewController.swift */; };
		AB6DF34C201F6755002D3A71 /* CardView.swift in Sources */ = {isa = PBXBuildFile; fileRef = AB6DF34B201F6755002D3A71 /* CardView.swift */; };
		AB6DF34F2020A2E7002D3A71 /* EventDetailViewController.swift in Sources */ = {isa = PBXBuildFile; fileRef = AB6DF34E2020A2E7002D3A71 /* EventDetailViewController.swift */; };
		AB7402F3201DF40D00F3094C /* EventTableViewCell.swift in Sources */ = {isa = PBXBuildFile; fileRef = AB7402F1201DF40D00F3094C /* EventTableViewCell.swift */; };
		AB89FDBD20A0935F00EE1EDC /* TripActivity.swift in Sources */ = {isa = PBXBuildFile; fileRef = AB89FDBC20A0935F00EE1EDC /* TripActivity.swift */; };
		AB89FDBF20A1E66B00EE1EDC /* TripScheduleViewController.swift in Sources */ = {isa = PBXBuildFile; fileRef = AB89FDBE20A1E66B00EE1EDC /* TripScheduleViewController.swift */; };
		AB89FDC120A1EC8D00EE1EDC /* TripTabBarController.swift in Sources */ = {isa = PBXBuildFile; fileRef = AB89FDC020A1EC8D00EE1EDC /* TripTabBarController.swift */; };
		AB8A2C44204D2D12001445F1 /* Utilities.swift in Sources */ = {isa = PBXBuildFile; fileRef = AB8A2C43204D2D12001445F1 /* Utilities.swift */; };
		AB9A064520C467E20083CEBB /* CardViewWithColorStrip.swift in Sources */ = {isa = PBXBuildFile; fileRef = AB9A064420C467E20083CEBB /* CardViewWithColorStrip.swift */; };
		AB9B3781202C9F50002D641D /* EventCheckin.swift in Sources */ = {isa = PBXBuildFile; fileRef = AB9B3780202C9F50002D641D /* EventCheckin.swift */; };
		AB9B3783202CA5AA002D641D /* Firebase.swift in Sources */ = {isa = PBXBuildFile; fileRef = AB9B3782202CA5AA002D641D /* Firebase.swift */; };
		ABBCA9DF2034966000353E8E /* MapKit.framework in Frameworks */ = {isa = PBXBuildFile; fileRef = ABBCA9DE2034966000353E8E /* MapKit.framework */; };
		ABC87C6C209DFA750023D776 /* Login.storyboard in Resources */ = {isa = PBXBuildFile; fileRef = ABC87C6A209DFA750023D776 /* Login.storyboard */; };
		ABC87C71209DFD120023D776 /* Trip.storyboard in Resources */ = {isa = PBXBuildFile; fileRef = ABC87C6F209DFD120023D776 /* Trip.storyboard */; };
		ABC87C74209E18C40023D776 /* PulleyCompatibleTabBarController.swift in Sources */ = {isa = PBXBuildFile; fileRef = ABC87C73209E18C40023D776 /* PulleyCompatibleTabBarController.swift */; };
		ABC87C76209F8A990023D776 /* UIViewController+PulleyViewController.swift in Sources */ = {isa = PBXBuildFile; fileRef = ABC87C75209F8A990023D776 /* UIViewController+PulleyViewController.swift */; };
		ABD4DD1B202B8E150077E943 /* GoogleService-Info.plist in Resources */ = {isa = PBXBuildFile; fileRef = ABD4DD1A202B8E150077E943 /* GoogleService-Info.plist */; };
		ABE7619F2035D0900098D838 /* SafariServices.framework in Frameworks */ = {isa = PBXBuildFile; fileRef = ABE7619E2035D0900098D838 /* SafariServices.framework */; };
		ABFC38252088A5C40075C056 /* EventInfoCard.xib in Resources */ = {isa = PBXBuildFile; fileRef = ABFC38242088A5C40075C056 /* EventInfoCard.xib */; };
		ABFC38272088A8E50075C056 /* EventInfoCard.swift in Sources */ = {isa = PBXBuildFile; fileRef = ABFC38262088A8E50075C056 /* EventInfoCard.swift */; };
		ABFC76F7208750DC002534AE /* BarButton.xib in Resources */ = {isa = PBXBuildFile; fileRef = ABFC76F6208750DC002534AE /* BarButton.xib */; };
		ABFC76F9208751F9002534AE /* BarButton.swift in Sources */ = {isa = PBXBuildFile; fileRef = ABFC76F8208751F9002534AE /* BarButton.swift */; };
		ABFD7FB82010EF6200BCA86C /* AppDelegate.swift in Sources */ = {isa = PBXBuildFile; fileRef = ABFD7FB72010EF6200BCA86C /* AppDelegate.swift */; };
		ABFD7FBD2010EF6200BCA86C /* Events.storyboard in Resources */ = {isa = PBXBuildFile; fileRef = ABFD7FBB2010EF6200BCA86C /* Events.storyboard */; };
		ABFD7FBF2010EF6200BCA86C /* Assets.xcassets in Resources */ = {isa = PBXBuildFile; fileRef = ABFD7FBE2010EF6200BCA86C /* Assets.xcassets */; };
		ABFD7FC22010EF6200BCA86C /* LaunchScreen.storyboard in Resources */ = {isa = PBXBuildFile; fileRef = ABFD7FC02010EF6200BCA86C /* LaunchScreen.storyboard */; };
		ABFD7FCD2010EF6200BCA86C /* StudsTests.swift in Sources */ = {isa = PBXBuildFile; fileRef = ABFD7FCC2010EF6200BCA86C /* StudsTests.swift */; };
		ABFD7FDA2010F1F600BCA86C /* EventsTableViewController.swift in Sources */ = {isa = PBXBuildFile; fileRef = ABFD7FD92010F1F600BCA86C /* EventsTableViewController.swift */; };
		ABFD7FDC2010F2C400BCA86C /* Event.swift in Sources */ = {isa = PBXBuildFile; fileRef = ABFD7FDB2010F2C400BCA86C /* Event.swift */; };
		F375BF076A3AE905914C490A /* Pods_StudsTests.framework in Frameworks */ = {isa = PBXBuildFile; fileRef = 213607445BDFBBA43A6AA552 /* Pods_StudsTests.framework */; };
/* End PBXBuildFile section */

/* Begin PBXContainerItemProxy section */
		ABFD7FC92010EF6200BCA86C /* PBXContainerItemProxy */ = {
			isa = PBXContainerItemProxy;
			containerPortal = ABFD7FAC2010EF6200BCA86C /* Project object */;
			proxyType = 1;
			remoteGlobalIDString = ABFD7FB32010EF6200BCA86C;
			remoteInfo = Studs;
		};
/* End PBXContainerItemProxy section */

/* Begin PBXFileReference section */
		213607445BDFBBA43A6AA552 /* Pods_StudsTests.framework */ = {isa = PBXFileReference; explicitFileType = wrapper.framework; includeInIndex = 0; path = Pods_StudsTests.framework; sourceTree = BUILT_PRODUCTS_DIR; };
		42D30DB152248835B06BB7B8 /* Pods_Studs.framework */ = {isa = PBXFileReference; explicitFileType = wrapper.framework; includeInIndex = 0; path = Pods_Studs.framework; sourceTree = BUILT_PRODUCTS_DIR; };
		4D426C87E169DCC6E29FC1E6 /* Pods-Studs.debug.xcconfig */ = {isa = PBXFileReference; includeInIndex = 1; lastKnownFileType = text.xcconfig; name = "Pods-Studs.debug.xcconfig"; path = "Pods/Target Support Files/Pods-Studs/Pods-Studs.debug.xcconfig"; sourceTree = "<group>"; };
		51D2133166048698BA35458C /* Pods-Studs.release.xcconfig */ = {isa = PBXFileReference; includeInIndex = 1; lastKnownFileType = text.xcconfig; name = "Pods-Studs.release.xcconfig"; path = "Pods/Target Support Files/Pods-Studs/Pods-Studs.release.xcconfig"; sourceTree = "<group>"; };
		AB02D4AC204057B4007D7808 /* NotificationsManager.swift */ = {isa = PBXFileReference; lastKnownFileType = sourcecode.swift; path = NotificationsManager.swift; sourceTree = "<group>"; };
		AB12A2192031DF280049DF6F /* UserManager.swift */ = {isa = PBXFileReference; lastKnownFileType = sourcecode.swift; path = UserManager.swift; sourceTree = "<group>"; };
		AB13C27E203B314C00DC6812 /* CheckinButtonViewController.swift */ = {isa = PBXFileReference; lastKnownFileType = sourcecode.swift; path = CheckinButtonViewController.swift; sourceTree = "<group>"; };
		AB235B7720C64D9D00D8C6C0 /* TripActivityDetailViewController.swift */ = {isa = PBXFileReference; lastKnownFileType = sourcecode.swift; path = TripActivityDetailViewController.swift; sourceTree = "<group>"; };
		AB2577F72088C918004E6C80 /* CustomNavigationBar.swift */ = {isa = PBXFileReference; fileEncoding = 4; lastKnownFileType = sourcecode.swift; path = CustomNavigationBar.swift; sourceTree = "<group>"; };
		AB265668202C8FA200131CE6 /* 1Password.xcassets */ = {isa = PBXFileReference; lastKnownFileType = folder.assetcatalog; name = 1Password.xcassets; path = Pods/1PasswordExtension/1Password.xcassets; sourceTree = SOURCE_ROOT; };
		AB2AEE6320A05A18002A5A01 /* MapViewController.swift */ = {isa = PBXFileReference; lastKnownFileType = sourcecode.swift; path = MapViewController.swift; sourceTree = "<group>"; };
		AB319E9020A444CC00741B3C /* Store.swift */ = {isa = PBXFileReference; lastKnownFileType = sourcecode.swift; path = Store.swift; sourceTree = "<group>"; };
		AB319E9220A4901300741B3C /* TripStore.swift */ = {isa = PBXFileReference; lastKnownFileType = sourcecode.swift; path = TripStore.swift; sourceTree = "<group>"; };
		AB358193201105CA00673D3F /* LoginViewController.swift */ = {isa = PBXFileReference; lastKnownFileType = sourcecode.swift; path = LoginViewController.swift; sourceTree = "<group>"; };
		AB35819520110AC900673D3F /* API.swift */ = {isa = PBXFileReference; lastKnownFileType = sourcecode.swift; path = API.swift; sourceTree = "<group>"; };
		AB35819C2011307200673D3F /* User.swift */ = {isa = PBXFileReference; lastKnownFileType = sourcecode.swift; path = User.swift; sourceTree = "<group>"; };
		AB36D841208DFBB1002494E3 /* FadedMapView.swift */ = {isa = PBXFileReference; lastKnownFileType = sourcecode.swift; path = FadedMapView.swift; sourceTree = "<group>"; };
		AB38FD0E20C40879004567FB /* TripActivityTableViewCell.swift */ = {isa = PBXFileReference; lastKnownFileType = sourcecode.swift; path = TripActivityTableViewCell.swift; sourceTree = "<group>"; };
		AB4B329C207A2DC200887A51 /* EventTableViewSectionHeader.swift */ = {isa = PBXFileReference; lastKnownFileType = sourcecode.swift; path = EventTableViewSectionHeader.swift; sourceTree = "<group>"; };
		AB5B06B42022062000752C68 /* CheckInTableViewController.swift */ = {isa = PBXFileReference; lastKnownFileType = sourcecode.swift; path = CheckInTableViewController.swift; sourceTree = "<group>"; };
		AB6DF34B201F6755002D3A71 /* CardView.swift */ = {isa = PBXFileReference; lastKnownFileType = sourcecode.swift; path = CardView.swift; sourceTree = "<group>"; };
		AB6DF34E2020A2E7002D3A71 /* EventDetailViewController.swift */ = {isa = PBXFileReference; lastKnownFileType = sourcecode.swift; path = EventDetailViewController.swift; sourceTree = "<group>"; };
		AB7402F1201DF40D00F3094C /* EventTableViewCell.swift */ = {isa = PBXFileReference; lastKnownFileType = sourcecode.swift; path = EventTableViewCell.swift; sourceTree = "<group>"; };
		AB89FDBC20A0935F00EE1EDC /* TripActivity.swift */ = {isa = PBXFileReference; lastKnownFileType = sourcecode.swift; path = TripActivity.swift; sourceTree = "<group>"; };
		AB89FDBE20A1E66B00EE1EDC /* TripScheduleViewController.swift */ = {isa = PBXFileReference; lastKnownFileType = sourcecode.swift; path = TripScheduleViewController.swift; sourceTree = "<group>"; };
		AB89FDC020A1EC8D00EE1EDC /* TripTabBarController.swift */ = {isa = PBXFileReference; lastKnownFileType = sourcecode.swift; path = TripTabBarController.swift; sourceTree = "<group>"; };
		AB8A2C43204D2D12001445F1 /* Utilities.swift */ = {isa = PBXFileReference; lastKnownFileType = sourcecode.swift; path = Utilities.swift; sourceTree = "<group>"; };
		AB9A064420C467E20083CEBB /* CardViewWithColorStrip.swift */ = {isa = PBXFileReference; lastKnownFileType = sourcecode.swift; path = CardViewWithColorStrip.swift; sourceTree = "<group>"; };
		AB9B3780202C9F50002D641D /* EventCheckin.swift */ = {isa = PBXFileReference; lastKnownFileType = sourcecode.swift; path = EventCheckin.swift; sourceTree = "<group>"; };
		AB9B3782202CA5AA002D641D /* Firebase.swift */ = {isa = PBXFileReference; lastKnownFileType = sourcecode.swift; name = Firebase.swift; path = Studs/Firebase.swift; sourceTree = SOURCE_ROOT; };
		ABBCA9DE2034966000353E8E /* MapKit.framework */ = {isa = PBXFileReference; lastKnownFileType = wrapper.framework; name = MapKit.framework; path = System/Library/Frameworks/MapKit.framework; sourceTree = SDKROOT; };
		ABC87C6B209DFA750023D776 /* Base */ = {isa = PBXFileReference; lastKnownFileType = file.storyboard; name = Base; path = Base.lproj/Login.storyboard; sourceTree = "<group>"; };
		ABC87C70209DFD120023D776 /* Base */ = {isa = PBXFileReference; lastKnownFileType = file.storyboard; name = Base; path = Base.lproj/Trip.storyboard; sourceTree = "<group>"; };
		ABC87C73209E18C40023D776 /* PulleyCompatibleTabBarController.swift */ = {isa = PBXFileReference; lastKnownFileType = sourcecode.swift; path = PulleyCompatibleTabBarController.swift; sourceTree = "<group>"; };
		ABC87C75209F8A990023D776 /* UIViewController+PulleyViewController.swift */ = {isa = PBXFileReference; lastKnownFileType = sourcecode.swift; path = "UIViewController+PulleyViewController.swift"; sourceTree = "<group>"; };
		ABD4DD1A202B8E150077E943 /* GoogleService-Info.plist */ = {isa = PBXFileReference; fileEncoding = 4; lastKnownFileType = text.plist.xml; path = "GoogleService-Info.plist"; sourceTree = "<group>"; };
		ABE7619E2035D0900098D838 /* SafariServices.framework */ = {isa = PBXFileReference; lastKnownFileType = wrapper.framework; name = SafariServices.framework; path = System/Library/Frameworks/SafariServices.framework; sourceTree = SDKROOT; };
		ABFC38242088A5C40075C056 /* EventInfoCard.xib */ = {isa = PBXFileReference; lastKnownFileType = file.xib; path = EventInfoCard.xib; sourceTree = "<group>"; };
		ABFC38262088A8E50075C056 /* EventInfoCard.swift */ = {isa = PBXFileReference; lastKnownFileType = sourcecode.swift; path = EventInfoCard.swift; sourceTree = "<group>"; };
		ABFC76F6208750DC002534AE /* BarButton.xib */ = {isa = PBXFileReference; lastKnownFileType = file.xib; path = BarButton.xib; sourceTree = "<group>"; };
		ABFC76F8208751F9002534AE /* BarButton.swift */ = {isa = PBXFileReference; lastKnownFileType = sourcecode.swift; path = BarButton.swift; sourceTree = "<group>"; };
		ABFD7FB42010EF6200BCA86C /* Studs.app */ = {isa = PBXFileReference; explicitFileType = wrapper.application; includeInIndex = 0; path = Studs.app; sourceTree = BUILT_PRODUCTS_DIR; };
		ABFD7FB72010EF6200BCA86C /* AppDelegate.swift */ = {isa = PBXFileReference; lastKnownFileType = sourcecode.swift; path = AppDelegate.swift; sourceTree = "<group>"; };
		ABFD7FBC2010EF6200BCA86C /* Base */ = {isa = PBXFileReference; lastKnownFileType = file.storyboard; name = Base; path = Base.lproj/Events.storyboard; sourceTree = "<group>"; };
		ABFD7FBE2010EF6200BCA86C /* Assets.xcassets */ = {isa = PBXFileReference; lastKnownFileType = folder.assetcatalog; path = Assets.xcassets; sourceTree = "<group>"; };
		ABFD7FC12010EF6200BCA86C /* Base */ = {isa = PBXFileReference; lastKnownFileType = file.storyboard; name = Base; path = Base.lproj/LaunchScreen.storyboard; sourceTree = "<group>"; };
		ABFD7FC32010EF6200BCA86C /* Info.plist */ = {isa = PBXFileReference; lastKnownFileType = text.plist.xml; path = Info.plist; sourceTree = "<group>"; };
		ABFD7FC82010EF6200BCA86C /* StudsTests.xctest */ = {isa = PBXFileReference; explicitFileType = wrapper.cfbundle; includeInIndex = 0; path = StudsTests.xctest; sourceTree = BUILT_PRODUCTS_DIR; };
		ABFD7FCC2010EF6200BCA86C /* StudsTests.swift */ = {isa = PBXFileReference; lastKnownFileType = sourcecode.swift; path = StudsTests.swift; sourceTree = "<group>"; };
		ABFD7FCE2010EF6200BCA86C /* Info.plist */ = {isa = PBXFileReference; lastKnownFileType = text.plist.xml; path = Info.plist; sourceTree = "<group>"; };
		ABFD7FD92010F1F600BCA86C /* EventsTableViewController.swift */ = {isa = PBXFileReference; lastKnownFileType = sourcecode.swift; path = EventsTableViewController.swift; sourceTree = "<group>"; };
		ABFD7FDB2010F2C400BCA86C /* Event.swift */ = {isa = PBXFileReference; lastKnownFileType = sourcecode.swift; path = Event.swift; sourceTree = "<group>"; };
		BD3375F1EF02C8694D507296 /* Pods-StudsTests.release.xcconfig */ = {isa = PBXFileReference; includeInIndex = 1; lastKnownFileType = text.xcconfig; name = "Pods-StudsTests.release.xcconfig"; path = "Pods/Target Support Files/Pods-StudsTests/Pods-StudsTests.release.xcconfig"; sourceTree = "<group>"; };
		FE97D925C5C467A5DA7A38B9 /* Pods-StudsTests.debug.xcconfig */ = {isa = PBXFileReference; includeInIndex = 1; lastKnownFileType = text.xcconfig; name = "Pods-StudsTests.debug.xcconfig"; path = "Pods/Target Support Files/Pods-StudsTests/Pods-StudsTests.debug.xcconfig"; sourceTree = "<group>"; };
/* End PBXFileReference section */

/* Begin PBXFrameworksBuildPhase section */
		ABFD7FB12010EF6200BCA86C /* Frameworks */ = {
			isa = PBXFrameworksBuildPhase;
			buildActionMask = 2147483647;
			files = (
				ABE7619F2035D0900098D838 /* SafariServices.framework in Frameworks */,
				ABBCA9DF2034966000353E8E /* MapKit.framework in Frameworks */,
				66B767C71991D25578D78A68 /* Pods_Studs.framework in Frameworks */,
			);
			runOnlyForDeploymentPostprocessing = 0;
		};
		ABFD7FC52010EF6200BCA86C /* Frameworks */ = {
			isa = PBXFrameworksBuildPhase;
			buildActionMask = 2147483647;
			files = (
				F375BF076A3AE905914C490A /* Pods_StudsTests.framework in Frameworks */,
			);
			runOnlyForDeploymentPostprocessing = 0;
		};
/* End PBXFrameworksBuildPhase section */

/* Begin PBXGroup section */
		32CE4450607B6283CFDD37E6 /* Pods */ = {
			isa = PBXGroup;
			children = (
				4D426C87E169DCC6E29FC1E6 /* Pods-Studs.debug.xcconfig */,
				51D2133166048698BA35458C /* Pods-Studs.release.xcconfig */,
				FE97D925C5C467A5DA7A38B9 /* Pods-StudsTests.debug.xcconfig */,
				BD3375F1EF02C8694D507296 /* Pods-StudsTests.release.xcconfig */,
			);
			name = Pods;
			sourceTree = "<group>";
		};
		AB0499E32010F78D00810E31 /* Supporting Files */ = {
			isa = PBXGroup;
			children = (
				ABC87C75209F8A990023D776 /* UIViewController+PulleyViewController.swift */,
				AB265668202C8FA200131CE6 /* 1Password.xcassets */,
				ABFD7FB72010EF6200BCA86C /* AppDelegate.swift */,
				ABFD7FC02010EF6200BCA86C /* LaunchScreen.storyboard */,
			);
			path = "Supporting Files";
			sourceTree = "<group>";
		};
		AB35819720110DB600673D3F /* Frameworks */ = {
			isa = PBXGroup;
			children = (
				ABE7619E2035D0900098D838 /* SafariServices.framework */,
				ABBCA9DE2034966000353E8E /* MapKit.framework */,
				42D30DB152248835B06BB7B8 /* Pods_Studs.framework */,
				213607445BDFBBA43A6AA552 /* Pods_StudsTests.framework */,
			);
			name = Frameworks;
			sourceTree = "<group>";
		};
		AB35819E2011334B00673D3F /* Models */ = {
			isa = PBXGroup;
			children = (
				AB89FDBC20A0935F00EE1EDC /* TripActivity.swift */,
				ABFD7FDB2010F2C400BCA86C /* Event.swift */,
				AB35819C2011307200673D3F /* User.swift */,
				AB9B3780202C9F50002D641D /* EventCheckin.swift */,
			);
			path = Models;
			sourceTree = "<group>";
		};
		AB35819F2011335700673D3F /* ViewControllers */ = {
			isa = PBXGroup;
			children = (
				AB235B7720C64D9D00D8C6C0 /* TripActivityDetailViewController.swift */,
				AB89FDC020A1EC8D00EE1EDC /* TripTabBarController.swift */,
				AB89FDBE20A1E66B00EE1EDC /* TripScheduleViewController.swift */,
				AB2AEE6320A05A18002A5A01 /* MapViewController.swift */,
				ABC87C73209E18C40023D776 /* PulleyCompatibleTabBarController.swift */,
				AB13C27E203B314C00DC6812 /* CheckinButtonViewController.swift */,
				AB5B06B42022062000752C68 /* CheckInTableViewController.swift */,
				AB6DF34E2020A2E7002D3A71 /* EventDetailViewController.swift */,
				ABFD7FD92010F1F600BCA86C /* EventsTableViewController.swift */,
				AB358193201105CA00673D3F /* LoginViewController.swift */,
			);
			path = ViewControllers;
			sourceTree = "<group>";
		};
		AB6DF34D20206661002D3A71 /* Views */ = {
			isa = PBXGroup;
			children = (
				AB38FD0E20C40879004567FB /* TripActivityTableViewCell.swift */,
				AB36D841208DFBB1002494E3 /* FadedMapView.swift */,
				ABFC38242088A5C40075C056 /* EventInfoCard.xib */,
				ABFC38262088A8E50075C056 /* EventInfoCard.swift */,
				ABFC76F6208750DC002534AE /* BarButton.xib */,
				ABFC76F8208751F9002534AE /* BarButton.swift */,
				AB4B329C207A2DC200887A51 /* EventTableViewSectionHeader.swift */,
				AB6DF34B201F6755002D3A71 /* CardView.swift */,
				AB9A064420C467E20083CEBB /* CardViewWithColorStrip.swift */,
				AB7402F1201DF40D00F3094C /* EventTableViewCell.swift */,
			);
			path = Views;
			sourceTree = "<group>";
		};
		ABFD7FAB2010EF6200BCA86C = {
			isa = PBXGroup;
			children = (
				ABFD7FB62010EF6200BCA86C /* Studs */,
				ABFD7FCB2010EF6200BCA86C /* StudsTests */,
				ABFD7FB52010EF6200BCA86C /* Products */,
				AB35819720110DB600673D3F /* Frameworks */,
				32CE4450607B6283CFDD37E6 /* Pods */,
			);
			sourceTree = "<group>";
		};
		ABFD7FB52010EF6200BCA86C /* Products */ = {
			isa = PBXGroup;
			children = (
				ABFD7FB42010EF6200BCA86C /* Studs.app */,
				ABFD7FC82010EF6200BCA86C /* StudsTests.xctest */,
			);
			name = Products;
			sourceTree = "<group>";
		};
		ABFD7FB62010EF6200BCA86C /* Studs */ = {
			isa = PBXGroup;
			children = (
				AB319E9020A444CC00741B3C /* Store.swift */,
				AB319E9220A4901300741B3C /* TripStore.swift */,
				ABFD7FC32010EF6200BCA86C /* Info.plist */,
				AB35819E2011334B00673D3F /* Models */,
				AB6DF34D20206661002D3A71 /* Views */,
				AB35819F2011335700673D3F /* ViewControllers */,
				ABFD7FBB2010EF6200BCA86C /* Events.storyboard */,
				ABC87C6A209DFA750023D776 /* Login.storyboard */,
				ABC87C6F209DFD120023D776 /* Trip.storyboard */,
				AB2577F72088C918004E6C80 /* CustomNavigationBar.swift */,
				AB9B3782202CA5AA002D641D /* Firebase.swift */,
				AB35819520110AC900673D3F /* API.swift */,
				AB12A2192031DF280049DF6F /* UserManager.swift */,
				AB02D4AC204057B4007D7808 /* NotificationsManager.swift */,
				AB8A2C43204D2D12001445F1 /* Utilities.swift */,
				ABD4DD1A202B8E150077E943 /* GoogleService-Info.plist */,
				ABFD7FBE2010EF6200BCA86C /* Assets.xcassets */,
				AB0499E32010F78D00810E31 /* Supporting Files */,
			);
			path = Studs;
			sourceTree = "<group>";
		};
		ABFD7FCB2010EF6200BCA86C /* StudsTests */ = {
			isa = PBXGroup;
			children = (
				ABFD7FCC2010EF6200BCA86C /* StudsTests.swift */,
				ABFD7FCE2010EF6200BCA86C /* Info.plist */,
			);
			path = StudsTests;
			sourceTree = "<group>";
		};
/* End PBXGroup section */

/* Begin PBXNativeTarget section */
		ABFD7FB32010EF6200BCA86C /* Studs */ = {
			isa = PBXNativeTarget;
			buildConfigurationList = ABFD7FD12010EF6200BCA86C /* Build configuration list for PBXNativeTarget "Studs" */;
			buildPhases = (
				C79700E48B9DEAC19D3388C1 /* [CP] Check Pods Manifest.lock */,
				ABFD7FB02010EF6200BCA86C /* Sources */,
				ABFD7FB12010EF6200BCA86C /* Frameworks */,
				ABFD7FB22010EF6200BCA86C /* Resources */,
				5E87291FE45DACDBE95F25F4 /* [CP] Embed Pods Frameworks */,
				ABDB1FC5203DC5BD000EA024 /* SwiftLint */,
				ABDB1FC6203DFF6F000EA024 /* Increment Build Number */,
			);
			buildRules = (
			);
			dependencies = (
			);
			name = Studs;
			productName = Studs;
			productReference = ABFD7FB42010EF6200BCA86C /* Studs.app */;
			productType = "com.apple.product-type.application";
		};
		ABFD7FC72010EF6200BCA86C /* StudsTests */ = {
			isa = PBXNativeTarget;
			buildConfigurationList = ABFD7FD42010EF6200BCA86C /* Build configuration list for PBXNativeTarget "StudsTests" */;
			buildPhases = (
				AFEE9C47A30AB06F19CC59C2 /* [CP] Check Pods Manifest.lock */,
				ABFD7FC42010EF6200BCA86C /* Sources */,
				ABFD7FC52010EF6200BCA86C /* Frameworks */,
				ABFD7FC62010EF6200BCA86C /* Resources */,
			);
			buildRules = (
			);
			dependencies = (
				ABFD7FCA2010EF6200BCA86C /* PBXTargetDependency */,
			);
			name = StudsTests;
			productName = StudsTests;
			productReference = ABFD7FC82010EF6200BCA86C /* StudsTests.xctest */;
			productType = "com.apple.product-type.bundle.unit-test";
		};
/* End PBXNativeTarget section */

/* Begin PBXProject section */
		ABFD7FAC2010EF6200BCA86C /* Project object */ = {
			isa = PBXProject;
			attributes = {
				LastSwiftUpdateCheck = 0920;
				LastUpgradeCheck = 0930;
				ORGANIZATIONNAME = Studieresan;
				TargetAttributes = {
					ABFD7FB32010EF6200BCA86C = {
						CreatedOnToolsVersion = 9.2;
						ProvisioningStyle = Automatic;
						SystemCapabilities = {
							com.apple.Maps.iOS = {
								enabled = 1;
							};
						};
					};
					ABFD7FC72010EF6200BCA86C = {
						CreatedOnToolsVersion = 9.2;
						ProvisioningStyle = Automatic;
						TestTargetID = ABFD7FB32010EF6200BCA86C;
					};
				};
			};
			buildConfigurationList = ABFD7FAF2010EF6200BCA86C /* Build configuration list for PBXProject "Studs" */;
			compatibilityVersion = "Xcode 8.0";
			developmentRegion = en;
			hasScannedForEncodings = 0;
			knownRegions = (
				en,
				Base,
			);
			mainGroup = ABFD7FAB2010EF6200BCA86C;
			productRefGroup = ABFD7FB52010EF6200BCA86C /* Products */;
			projectDirPath = "";
			projectRoot = "";
			targets = (
				ABFD7FB32010EF6200BCA86C /* Studs */,
				ABFD7FC72010EF6200BCA86C /* StudsTests */,
			);
		};
/* End PBXProject section */

/* Begin PBXResourcesBuildPhase section */
		ABFD7FB22010EF6200BCA86C /* Resources */ = {
			isa = PBXResourcesBuildPhase;
			buildActionMask = 2147483647;
			files = (
				ABC87C6C209DFA750023D776 /* Login.storyboard in Resources */,
				ABFC38252088A5C40075C056 /* EventInfoCard.xib in Resources */,
				ABFD7FC22010EF6200BCA86C /* LaunchScreen.storyboard in Resources */,
				ABC87C71209DFD120023D776 /* Trip.storyboard in Resources */,
				ABFD7FBF2010EF6200BCA86C /* Assets.xcassets in Resources */,
				AB265669202C8FA200131CE6 /* 1Password.xcassets in Resources */,
				ABFC76F7208750DC002534AE /* BarButton.xib in Resources */,
				ABD4DD1B202B8E150077E943 /* GoogleService-Info.plist in Resources */,
				ABFD7FBD2010EF6200BCA86C /* Events.storyboard in Resources */,
			);
			runOnlyForDeploymentPostprocessing = 0;
		};
		ABFD7FC62010EF6200BCA86C /* Resources */ = {
			isa = PBXResourcesBuildPhase;
			buildActionMask = 2147483647;
			files = (
			);
			runOnlyForDeploymentPostprocessing = 0;
		};
/* End PBXResourcesBuildPhase section */

/* Begin PBXShellScriptBuildPhase section */
		5E87291FE45DACDBE95F25F4 /* [CP] Embed Pods Frameworks */ = {
			isa = PBXShellScriptBuildPhase;
			buildActionMask = 2147483647;
			files = (
			);
			inputPaths = (
				"${SRCROOT}/Pods/Target Support Files/Pods-Studs/Pods-Studs-frameworks.sh",
				"${BUILT_PRODUCTS_DIR}/1PasswordExtension/OnePasswordExtension.framework",
				"${BUILT_PRODUCTS_DIR}/Alamofire/Alamofire.framework",
				"${BUILT_PRODUCTS_DIR}/BoringSSL/openssl.framework",
				"${BUILT_PRODUCTS_DIR}/GoogleToolboxForMac/GoogleToolboxForMac.framework",
				"${BUILT_PRODUCTS_DIR}/Protobuf/Protobuf.framework",
				"${BUILT_PRODUCTS_DIR}/Pulley/Pulley.framework",
				"${BUILT_PRODUCTS_DIR}/gRPC/GRPCClient.framework",
				"${BUILT_PRODUCTS_DIR}/gRPC-Core/grpc.framework",
				"${BUILT_PRODUCTS_DIR}/gRPC-ProtoRPC/ProtoRPC.framework",
				"${BUILT_PRODUCTS_DIR}/gRPC-RxLibrary/RxLibrary.framework",
				"${BUILT_PRODUCTS_DIR}/leveldb-library/leveldb.framework",
				"${BUILT_PRODUCTS_DIR}/nanopb/nanopb.framework",
			);
			name = "[CP] Embed Pods Frameworks";
			outputPaths = (
				"${TARGET_BUILD_DIR}/${FRAMEWORKS_FOLDER_PATH}/OnePasswordExtension.framework",
				"${TARGET_BUILD_DIR}/${FRAMEWORKS_FOLDER_PATH}/Alamofire.framework",
				"${TARGET_BUILD_DIR}/${FRAMEWORKS_FOLDER_PATH}/openssl.framework",
				"${TARGET_BUILD_DIR}/${FRAMEWORKS_FOLDER_PATH}/GoogleToolboxForMac.framework",
				"${TARGET_BUILD_DIR}/${FRAMEWORKS_FOLDER_PATH}/Protobuf.framework",
				"${TARGET_BUILD_DIR}/${FRAMEWORKS_FOLDER_PATH}/Pulley.framework",
				"${TARGET_BUILD_DIR}/${FRAMEWORKS_FOLDER_PATH}/GRPCClient.framework",
				"${TARGET_BUILD_DIR}/${FRAMEWORKS_FOLDER_PATH}/grpc.framework",
				"${TARGET_BUILD_DIR}/${FRAMEWORKS_FOLDER_PATH}/ProtoRPC.framework",
				"${TARGET_BUILD_DIR}/${FRAMEWORKS_FOLDER_PATH}/RxLibrary.framework",
				"${TARGET_BUILD_DIR}/${FRAMEWORKS_FOLDER_PATH}/leveldb.framework",
				"${TARGET_BUILD_DIR}/${FRAMEWORKS_FOLDER_PATH}/nanopb.framework",
			);
			runOnlyForDeploymentPostprocessing = 0;
			shellPath = /bin/sh;
			shellScript = "\"${SRCROOT}/Pods/Target Support Files/Pods-Studs/Pods-Studs-frameworks.sh\"\n";
			showEnvVarsInLog = 0;
		};
		ABDB1FC5203DC5BD000EA024 /* SwiftLint */ = {
			isa = PBXShellScriptBuildPhase;
			buildActionMask = 2147483647;
			files = (
			);
			inputPaths = (
			);
			name = SwiftLint;
			outputPaths = (
			);
			runOnlyForDeploymentPostprocessing = 0;
			shellPath = /bin/sh;
			shellScript = "\"${PODS_ROOT}/SwiftLint/swiftlint\"";
		};
		ABDB1FC6203DFF6F000EA024 /* Increment Build Number */ = {
			isa = PBXShellScriptBuildPhase;
			buildActionMask = 12;
			files = (
			);
			inputPaths = (
			);
			name = "Increment Build Number";
			outputPaths = (
			);
			runOnlyForDeploymentPostprocessing = 0;
			shellPath = /bin/sh;
			shellScript = "buildNumber=$(/usr/libexec/PlistBuddy -c \"Print CFBundleVersion\" \"${PROJECT_DIR}/${INFOPLIST_FILE}\")\nbuildNumber=$(($buildNumber + 1))\n/usr/libexec/PlistBuddy -c \"Set :CFBundleVersion $buildNumber\" \"${PROJECT_DIR}/${INFOPLIST_FILE}\"";
		};
		AFEE9C47A30AB06F19CC59C2 /* [CP] Check Pods Manifest.lock */ = {
			isa = PBXShellScriptBuildPhase;
			buildActionMask = 2147483647;
			files = (
			);
			inputPaths = (
				"${PODS_PODFILE_DIR_PATH}/Podfile.lock",
				"${PODS_ROOT}/Manifest.lock",
			);
			name = "[CP] Check Pods Manifest.lock";
			outputPaths = (
				"$(DERIVED_FILE_DIR)/Pods-StudsTests-checkManifestLockResult.txt",
			);
			runOnlyForDeploymentPostprocessing = 0;
			shellPath = /bin/sh;
			shellScript = "diff \"${PODS_PODFILE_DIR_PATH}/Podfile.lock\" \"${PODS_ROOT}/Manifest.lock\" > /dev/null\nif [ $? != 0 ] ; then\n    # print error to STDERR\n    echo \"error: The sandbox is not in sync with the Podfile.lock. Run 'pod install' or update your CocoaPods installation.\" >&2\n    exit 1\nfi\n# This output is used by Xcode 'outputs' to avoid re-running this script phase.\necho \"SUCCESS\" > \"${SCRIPT_OUTPUT_FILE_0}\"\n";
			showEnvVarsInLog = 0;
		};
		C79700E48B9DEAC19D3388C1 /* [CP] Check Pods Manifest.lock */ = {
			isa = PBXShellScriptBuildPhase;
			buildActionMask = 2147483647;
			files = (
			);
			inputPaths = (
				"${PODS_PODFILE_DIR_PATH}/Podfile.lock",
				"${PODS_ROOT}/Manifest.lock",
			);
			name = "[CP] Check Pods Manifest.lock";
			outputPaths = (
				"$(DERIVED_FILE_DIR)/Pods-Studs-checkManifestLockResult.txt",
			);
			runOnlyForDeploymentPostprocessing = 0;
			shellPath = /bin/sh;
			shellScript = "diff \"${PODS_PODFILE_DIR_PATH}/Podfile.lock\" \"${PODS_ROOT}/Manifest.lock\" > /dev/null\nif [ $? != 0 ] ; then\n    # print error to STDERR\n    echo \"error: The sandbox is not in sync with the Podfile.lock. Run 'pod install' or update your CocoaPods installation.\" >&2\n    exit 1\nfi\n# This output is used by Xcode 'outputs' to avoid re-running this script phase.\necho \"SUCCESS\" > \"${SCRIPT_OUTPUT_FILE_0}\"\n";
			showEnvVarsInLog = 0;
		};
/* End PBXShellScriptBuildPhase section */

/* Begin PBXSourcesBuildPhase section */
		ABFD7FB02010EF6200BCA86C /* Sources */ = {
			isa = PBXSourcesBuildPhase;
			buildActionMask = 2147483647;
			files = (
				AB4B329D207A2DC200887A51 /* EventTableViewSectionHeader.swift in Sources */,
				AB8A2C44204D2D12001445F1 /* Utilities.swift in Sources */,
				AB358194201105CA00673D3F /* LoginViewController.swift in Sources */,
				AB9B3781202C9F50002D641D /* EventCheckin.swift in Sources */,
				AB2577F82088C918004E6C80 /* CustomNavigationBar.swift in Sources */,
				ABFD7FDC2010F2C400BCA86C /* Event.swift in Sources */,
				AB12A21A2031DF280049DF6F /* UserManager.swift in Sources */,
				AB2AEE6420A05A18002A5A01 /* MapViewController.swift in Sources */,
				ABFC38272088A8E50075C056 /* EventInfoCard.swift in Sources */,
				AB35819D2011307200673D3F /* User.swift in Sources */,
				AB6DF34F2020A2E7002D3A71 /* EventDetailViewController.swift in Sources */,
				AB38FD0F20C40879004567FB /* TripActivityTableViewCell.swift in Sources */,
				ABFC76F9208751F9002534AE /* BarButton.swift in Sources */,
				AB36D842208DFBB1002494E3 /* FadedMapView.swift in Sources */,
				AB5B06B52022062000752C68 /* CheckInTableViewController.swift in Sources */,
				AB9B3783202CA5AA002D641D /* Firebase.swift in Sources */,
				ABFD7FB82010EF6200BCA86C /* AppDelegate.swift in Sources */,
				AB6DF34C201F6755002D3A71 /* CardView.swift in Sources */,
				ABC87C76209F8A990023D776 /* UIViewController+PulleyViewController.swift in Sources */,
				ABC87C74209E18C40023D776 /* PulleyCompatibleTabBarController.swift in Sources */,
				AB89FDC120A1EC8D00EE1EDC /* TripTabBarController.swift in Sources */,
				AB9A064520C467E20083CEBB /* CardViewWithColorStrip.swift in Sources */,
				AB13C27F203B314C00DC6812 /* CheckinButtonViewController.swift in Sources */,
				AB89FDBF20A1E66B00EE1EDC /* TripScheduleViewController.swift in Sources */,
				AB7402F3201DF40D00F3094C /* EventTableViewCell.swift in Sources */,
				AB02D4AD204057B4007D7808 /* NotificationsManager.swift in Sources */,
				AB319E9120A444CC00741B3C /* Store.swift in Sources */,
				AB89FDBD20A0935F00EE1EDC /* TripActivity.swift in Sources */,
				ABFD7FDA2010F1F600BCA86C /* EventsTableViewController.swift in Sources */,
				AB35819620110AC900673D3F /* API.swift in Sources */,
				AB319E9320A4901300741B3C /* TripStore.swift in Sources */,
				AB235B7820C64D9D00D8C6C0 /* TripActivityDetailViewController.swift in Sources */,
			);
			runOnlyForDeploymentPostprocessing = 0;
		};
		ABFD7FC42010EF6200BCA86C /* Sources */ = {
			isa = PBXSourcesBuildPhase;
			buildActionMask = 2147483647;
			files = (
				ABFD7FCD2010EF6200BCA86C /* StudsTests.swift in Sources */,
			);
			runOnlyForDeploymentPostprocessing = 0;
		};
/* End PBXSourcesBuildPhase section */

/* Begin PBXTargetDependency section */
		ABFD7FCA2010EF6200BCA86C /* PBXTargetDependency */ = {
			isa = PBXTargetDependency;
			target = ABFD7FB32010EF6200BCA86C /* Studs */;
			targetProxy = ABFD7FC92010EF6200BCA86C /* PBXContainerItemProxy */;
		};
/* End PBXTargetDependency section */

/* Begin PBXVariantGroup section */
		ABC87C6A209DFA750023D776 /* Login.storyboard */ = {
			isa = PBXVariantGroup;
			children = (
				ABC87C6B209DFA750023D776 /* Base */,
			);
			name = Login.storyboard;
			sourceTree = "<group>";
		};
		ABC87C6F209DFD120023D776 /* Trip.storyboard */ = {
			isa = PBXVariantGroup;
			children = (
				ABC87C70209DFD120023D776 /* Base */,
			);
			name = Trip.storyboard;
			sourceTree = "<group>";
		};
		ABFD7FBB2010EF6200BCA86C /* Events.storyboard */ = {
			isa = PBXVariantGroup;
			children = (
				ABFD7FBC2010EF6200BCA86C /* Base */,
			);
			name = Events.storyboard;
			sourceTree = "<group>";
		};
		ABFD7FC02010EF6200BCA86C /* LaunchScreen.storyboard */ = {
			isa = PBXVariantGroup;
			children = (
				ABFD7FC12010EF6200BCA86C /* Base */,
			);
			name = LaunchScreen.storyboard;
			sourceTree = "<group>";
		};
/* End PBXVariantGroup section */

/* Begin XCBuildConfiguration section */
		ABFD7FCF2010EF6200BCA86C /* Debug */ = {
			isa = XCBuildConfiguration;
			buildSettings = {
				ALWAYS_SEARCH_USER_PATHS = NO;
				CLANG_ANALYZER_NONNULL = YES;
				CLANG_ANALYZER_NUMBER_OBJECT_CONVERSION = YES_AGGRESSIVE;
				CLANG_CXX_LANGUAGE_STANDARD = "gnu++14";
				CLANG_CXX_LIBRARY = "libc++";
				CLANG_ENABLE_MODULES = YES;
				CLANG_ENABLE_OBJC_ARC = YES;
				CLANG_WARN_BLOCK_CAPTURE_AUTORELEASING = YES;
				CLANG_WARN_BOOL_CONVERSION = YES;
				CLANG_WARN_COMMA = YES;
				CLANG_WARN_CONSTANT_CONVERSION = YES;
				CLANG_WARN_DEPRECATED_OBJC_IMPLEMENTATIONS = YES;
				CLANG_WARN_DIRECT_OBJC_ISA_USAGE = YES_ERROR;
				CLANG_WARN_DOCUMENTATION_COMMENTS = YES;
				CLANG_WARN_EMPTY_BODY = YES;
				CLANG_WARN_ENUM_CONVERSION = YES;
				CLANG_WARN_INFINITE_RECURSION = YES;
				CLANG_WARN_INT_CONVERSION = YES;
				CLANG_WARN_NON_LITERAL_NULL_CONVERSION = YES;
				CLANG_WARN_OBJC_IMPLICIT_RETAIN_SELF = YES;
				CLANG_WARN_OBJC_LITERAL_CONVERSION = YES;
				CLANG_WARN_OBJC_ROOT_CLASS = YES_ERROR;
				CLANG_WARN_RANGE_LOOP_ANALYSIS = YES;
				CLANG_WARN_STRICT_PROTOTYPES = YES;
				CLANG_WARN_SUSPICIOUS_MOVE = YES;
				CLANG_WARN_UNGUARDED_AVAILABILITY = YES_AGGRESSIVE;
				CLANG_WARN_UNREACHABLE_CODE = YES;
				CLANG_WARN__DUPLICATE_METHOD_MATCH = YES;
				CODE_SIGN_IDENTITY = "iPhone Developer";
				COPY_PHASE_STRIP = NO;
				DEBUG_INFORMATION_FORMAT = dwarf;
				ENABLE_STRICT_OBJC_MSGSEND = YES;
				ENABLE_TESTABILITY = YES;
				GCC_C_LANGUAGE_STANDARD = gnu11;
				GCC_DYNAMIC_NO_PIC = NO;
				GCC_NO_COMMON_BLOCKS = YES;
				GCC_OPTIMIZATION_LEVEL = 0;
				GCC_PREPROCESSOR_DEFINITIONS = (
					"DEBUG=1",
					"$(inherited)",
				);
				GCC_WARN_64_TO_32_BIT_CONVERSION = YES;
				GCC_WARN_ABOUT_RETURN_TYPE = YES_ERROR;
				GCC_WARN_UNDECLARED_SELECTOR = YES;
				GCC_WARN_UNINITIALIZED_AUTOS = YES_AGGRESSIVE;
				GCC_WARN_UNUSED_FUNCTION = YES;
				GCC_WARN_UNUSED_VARIABLE = YES;
				IPHONEOS_DEPLOYMENT_TARGET = 11.2;
				MTL_ENABLE_DEBUG_INFO = YES;
				ONLY_ACTIVE_ARCH = YES;
				SDKROOT = iphoneos;
				SWIFT_ACTIVE_COMPILATION_CONDITIONS = DEBUG;
				SWIFT_OPTIMIZATION_LEVEL = "-Onone";
			};
			name = Debug;
		};
		ABFD7FD02010EF6200BCA86C /* Release */ = {
			isa = XCBuildConfiguration;
			buildSettings = {
				ALWAYS_SEARCH_USER_PATHS = NO;
				CLANG_ANALYZER_NONNULL = YES;
				CLANG_ANALYZER_NUMBER_OBJECT_CONVERSION = YES_AGGRESSIVE;
				CLANG_CXX_LANGUAGE_STANDARD = "gnu++14";
				CLANG_CXX_LIBRARY = "libc++";
				CLANG_ENABLE_MODULES = YES;
				CLANG_ENABLE_OBJC_ARC = YES;
				CLANG_WARN_BLOCK_CAPTURE_AUTORELEASING = YES;
				CLANG_WARN_BOOL_CONVERSION = YES;
				CLANG_WARN_COMMA = YES;
				CLANG_WARN_CONSTANT_CONVERSION = YES;
				CLANG_WARN_DEPRECATED_OBJC_IMPLEMENTATIONS = YES;
				CLANG_WARN_DIRECT_OBJC_ISA_USAGE = YES_ERROR;
				CLANG_WARN_DOCUMENTATION_COMMENTS = YES;
				CLANG_WARN_EMPTY_BODY = YES;
				CLANG_WARN_ENUM_CONVERSION = YES;
				CLANG_WARN_INFINITE_RECURSION = YES;
				CLANG_WARN_INT_CONVERSION = YES;
				CLANG_WARN_NON_LITERAL_NULL_CONVERSION = YES;
				CLANG_WARN_OBJC_IMPLICIT_RETAIN_SELF = YES;
				CLANG_WARN_OBJC_LITERAL_CONVERSION = YES;
				CLANG_WARN_OBJC_ROOT_CLASS = YES_ERROR;
				CLANG_WARN_RANGE_LOOP_ANALYSIS = YES;
				CLANG_WARN_STRICT_PROTOTYPES = YES;
				CLANG_WARN_SUSPICIOUS_MOVE = YES;
				CLANG_WARN_UNGUARDED_AVAILABILITY = YES_AGGRESSIVE;
				CLANG_WARN_UNREACHABLE_CODE = YES;
				CLANG_WARN__DUPLICATE_METHOD_MATCH = YES;
				CODE_SIGN_IDENTITY = "iPhone Developer";
				COPY_PHASE_STRIP = NO;
				DEBUG_INFORMATION_FORMAT = "dwarf-with-dsym";
				ENABLE_NS_ASSERTIONS = NO;
				ENABLE_STRICT_OBJC_MSGSEND = YES;
				GCC_C_LANGUAGE_STANDARD = gnu11;
				GCC_NO_COMMON_BLOCKS = YES;
				GCC_WARN_64_TO_32_BIT_CONVERSION = YES;
				GCC_WARN_ABOUT_RETURN_TYPE = YES_ERROR;
				GCC_WARN_UNDECLARED_SELECTOR = YES;
				GCC_WARN_UNINITIALIZED_AUTOS = YES_AGGRESSIVE;
				GCC_WARN_UNUSED_FUNCTION = YES;
				GCC_WARN_UNUSED_VARIABLE = YES;
				IPHONEOS_DEPLOYMENT_TARGET = 11.2;
				MTL_ENABLE_DEBUG_INFO = NO;
				SDKROOT = iphoneos;
				SWIFT_OPTIMIZATION_LEVEL = "-Owholemodule";
				VALIDATE_PRODUCT = YES;
			};
			name = Release;
		};
		ABFD7FD22010EF6200BCA86C /* Debug */ = {
			isa = XCBuildConfiguration;
			baseConfigurationReference = 4D426C87E169DCC6E29FC1E6 /* Pods-Studs.debug.xcconfig */;
			buildSettings = {
				ASSETCATALOG_COMPILER_APPICON_NAME = AppIcon;
				"CODE_SIGN_IDENTITY[sdk=iphoneos*]" = "iPhone Developer";
				CODE_SIGN_STYLE = Automatic;
				DEVELOPMENT_TEAM = P3V9ZDGSU4;
				FRAMEWORK_SEARCH_PATHS = "$(inherited)";
				INFOPLIST_FILE = Studs/Info.plist;
				IPHONEOS_DEPLOYMENT_TARGET = 11.0;
				LD_RUNPATH_SEARCH_PATHS = "$(inherited) @executable_path/Frameworks";
				PRODUCT_BUNDLE_IDENTIFIER = se.studieresan.speedman;
				PRODUCT_NAME = "$(TARGET_NAME)";
				PROVISIONING_PROFILE_SPECIFIER = "";
				SWIFT_VERSION = 4.0;
				TARGETED_DEVICE_FAMILY = 1;
			};
			name = Debug;
		};
		ABFD7FD32010EF6200BCA86C /* Release */ = {
			isa = XCBuildConfiguration;
			baseConfigurationReference = 51D2133166048698BA35458C /* Pods-Studs.release.xcconfig */;
			buildSettings = {
				ASSETCATALOG_COMPILER_APPICON_NAME = AppIcon;
				"CODE_SIGN_IDENTITY[sdk=iphoneos*]" = "iPhone Developer";
				CODE_SIGN_STYLE = Automatic;
				DEVELOPMENT_TEAM = P3V9ZDGSU4;
				FRAMEWORK_SEARCH_PATHS = "$(inherited)";
				INFOPLIST_FILE = Studs/Info.plist;
				IPHONEOS_DEPLOYMENT_TARGET = 11.0;
				LD_RUNPATH_SEARCH_PATHS = "$(inherited) @executable_path/Frameworks";
				PRODUCT_BUNDLE_IDENTIFIER = se.studieresan.speedman;
				PRODUCT_NAME = "$(TARGET_NAME)";
				PROVISIONING_PROFILE_SPECIFIER = "";
				SWIFT_VERSION = 4.0;
				TARGETED_DEVICE_FAMILY = 1;
			};
			name = Release;
		};
		ABFD7FD52010EF6200BCA86C /* Debug */ = {
			isa = XCBuildConfiguration;
			baseConfigurationReference = FE97D925C5C467A5DA7A38B9 /* Pods-StudsTests.debug.xcconfig */;
			buildSettings = {
				ALWAYS_EMBED_SWIFT_STANDARD_LIBRARIES = YES;
				BUNDLE_LOADER = "$(TEST_HOST)";
				CODE_SIGN_STYLE = Automatic;
				INFOPLIST_FILE = StudsTests/Info.plist;
				LD_RUNPATH_SEARCH_PATHS = "$(inherited) @executable_path/Frameworks @loader_path/Frameworks";
				PRODUCT_BUNDLE_IDENTIFIER = se.studieresan.StudsTests;
				PRODUCT_NAME = "$(TARGET_NAME)";
				SWIFT_VERSION = 4.0;
				TARGETED_DEVICE_FAMILY = "1,2";
				TEST_HOST = "$(BUILT_PRODUCTS_DIR)/Studs.app/Studs";
			};
			name = Debug;
		};
		ABFD7FD62010EF6200BCA86C /* Release */ = {
			isa = XCBuildConfiguration;
			baseConfigurationReference = BD3375F1EF02C8694D507296 /* Pods-StudsTests.release.xcconfig */;
			buildSettings = {
				ALWAYS_EMBED_SWIFT_STANDARD_LIBRARIES = YES;
				BUNDLE_LOADER = "$(TEST_HOST)";
				CODE_SIGN_STYLE = Automatic;
				INFOPLIST_FILE = StudsTests/Info.plist;
				LD_RUNPATH_SEARCH_PATHS = "$(inherited) @executable_path/Frameworks @loader_path/Frameworks";
				PRODUCT_BUNDLE_IDENTIFIER = se.studieresan.StudsTests;
				PRODUCT_NAME = "$(TARGET_NAME)";
				SWIFT_VERSION = 4.0;
				TARGETED_DEVICE_FAMILY = "1,2";
				TEST_HOST = "$(BUILT_PRODUCTS_DIR)/Studs.app/Studs";
			};
			name = Release;
		};
/* End XCBuildConfiguration section */

/* Begin XCConfigurationList section */
		ABFD7FAF2010EF6200BCA86C /* Build configuration list for PBXProject "Studs" */ = {
			isa = XCConfigurationList;
			buildConfigurations = (
				ABFD7FCF2010EF6200BCA86C /* Debug */,
				ABFD7FD02010EF6200BCA86C /* Release */,
			);
			defaultConfigurationIsVisible = 0;
			defaultConfigurationName = Release;
		};
		ABFD7FD12010EF6200BCA86C /* Build configuration list for PBXNativeTarget "Studs" */ = {
			isa = XCConfigurationList;
			buildConfigurations = (
				ABFD7FD22010EF6200BCA86C /* Debug */,
				ABFD7FD32010EF6200BCA86C /* Release */,
			);
			defaultConfigurationIsVisible = 0;
			defaultConfigurationName = Release;
		};
		ABFD7FD42010EF6200BCA86C /* Build configuration list for PBXNativeTarget "StudsTests" */ = {
			isa = XCConfigurationList;
			buildConfigurations = (
				ABFD7FD52010EF6200BCA86C /* Debug */,
				ABFD7FD62010EF6200BCA86C /* Release */,
			);
			defaultConfigurationIsVisible = 0;
			defaultConfigurationName = Release;
		};
/* End XCConfigurationList section */
	};
	rootObject = ABFD7FAC2010EF6200BCA86C /* Project object */;
}
